# THIS IS AN AUTOGENERATED FILE. DO NOT EDIT THIS FILE DIRECTLY.
# yarn lockfile v1


"@babel/parser@^7.15.0":
  version "7.15.7"
  resolved "https://registry.yarnpkg.com/@babel/parser/-/parser-7.15.7.tgz#0c3ed4a2eb07b165dfa85b3cc45c727334c4edae"
  integrity sha512-rycZXvQ+xS9QyIcJ9HXeDWf1uxqlbVFAUq0Rq0dbc50Zb/+wUe/ehyfzGfm9KZZF0kBejYgxltBXocP+gKdL2g==

"@vitejs/plugin-vue@^1.9.2":
  version "1.9.2"
  resolved "https://registry.yarnpkg.com/@vitejs/plugin-vue/-/plugin-vue-1.9.2.tgz#7234efb8c3c3d60c7eac350a935074ab1820ae0e"
  integrity sha512-QnUQJvGmY+YT9xTidLcjr6NAjKWNdSuul1M+BZ6uwTQaO5vpAY9USBncXESATk742dYMZGJenegJgeJhG/HMNQ==

"@vue/compiler-core@3.2.18":
  version "3.2.18"
  resolved "https://registry.yarnpkg.com/@vue/compiler-core/-/compiler-core-3.2.18.tgz#239f8ed2e8a95e87f6a6235a4798d8d29e5b4dd8"
  integrity sha512-zNKVUx2gN/46xjKy+fNRB3+PJVO2WoGUUdpQo9w5GylWj8vs/r7pMuzQralP8J02YDp6YgJ61v1Yjq7nW5xK6Q==
  dependencies:
    "@babel/parser" "^7.15.0"
    "@vue/shared" "3.2.18"
    estree-walker "^2.0.2"
    source-map "^0.6.1"

"@vue/compiler-dom@3.2.18":
  version "3.2.18"
  resolved "https://registry.yarnpkg.com/@vue/compiler-dom/-/compiler-dom-3.2.18.tgz#6bb3b0e318a7eb16c02eb42fefa96a58766c6730"
  integrity sha512-AqCND7Q0vYFlsBcwWnbcmOiVS/J/70qTZOCPxJnktvH+w4Y7F9omKDyuhsd/ZsJCmSvvpzqBNf2hgtMnoTjNiw==
  dependencies:
    "@vue/compiler-core" "3.2.18"
    "@vue/shared" "3.2.18"

"@vue/compiler-sfc@3.2.18":
  version "3.2.18"
  resolved "https://registry.yarnpkg.com/@vue/compiler-sfc/-/compiler-sfc-3.2.18.tgz#d2dfcd09d2bb5a1dfe70d686ac5139473b25d5ef"
  integrity sha512-ui+w1WtVjxlSlnvR4uYgVbbYcN75SrADyMuStnhRqhQM8E2MzJ99W/7Qm3UDs+GxzCEDyQA1CmUvtCg5tlwOMw==
  dependencies:
    "@babel/parser" "^7.15.0"
    "@vue/compiler-core" "3.2.18"
    "@vue/compiler-dom" "3.2.18"
    "@vue/compiler-ssr" "3.2.18"
    "@vue/ref-transform" "3.2.18"
    "@vue/shared" "3.2.18"
    estree-walker "^2.0.2"
    magic-string "^0.25.7"
    postcss "^8.1.10"
    source-map "^0.6.1"

"@vue/compiler-ssr@3.2.18":
  version "3.2.18"
  resolved "https://registry.yarnpkg.com/@vue/compiler-ssr/-/compiler-ssr-3.2.18.tgz#d2801ac5e7472d0b3079f553a4ab98def96e7be9"
  integrity sha512-qncqUn+y00o2X8h75XUmekzpxjlQOtZkR2XzEDkBFyRfe+jruG2l0MBFKq88wMeiHRzAfysRNqRQd2KXopHPFQ==
  dependencies:
    "@vue/compiler-dom" "3.2.18"
    "@vue/shared" "3.2.18"

"@vue/reactivity@3.2.18":
  version "3.2.18"
  resolved "https://registry.yarnpkg.com/@vue/reactivity/-/reactivity-3.2.18.tgz#46d5077289d1c57f62bdcdfc6a566e371e3f20cd"
  integrity sha512-NTGsS2uQqWO4HIhGKmXXUZZvu/R+GW2e+i08ZYJVnR6vScN8WGlg+GU3HiG4UvhNrTAdhMFPoy+no5t3iXnvVw==
  dependencies:
    "@vue/shared" "3.2.18"

"@vue/ref-transform@3.2.18":
  version "3.2.18"
  resolved "https://registry.yarnpkg.com/@vue/ref-transform/-/ref-transform-3.2.18.tgz#270be5502dd95d312ec970f518239d0e85548bc9"
  integrity sha512-STPcQbA8u3DftZjZW/dS+0mGIABKgbXCxOJTyEYxP+rxa66tqa/QSkeuz54h0zk2wgPfe4vo2QPtcFGl3kl45A==
  dependencies:
    "@babel/parser" "^7.15.0"
    "@vue/compiler-core" "3.2.18"
    "@vue/shared" "3.2.18"
    estree-walker "^2.0.2"
    magic-string "^0.25.7"

"@vue/runtime-core@3.2.18":
  version "3.2.18"
  resolved "https://registry.yarnpkg.com/@vue/runtime-core/-/runtime-core-3.2.18.tgz#f4de5b0524300eeb0a0b17f20ccbd1287aa33a16"
  integrity sha512-wGRUSRE8grf90TdXJeWusdDG+mn+40L7wBH08neNM4L/f6qW9arlymvrYLOiMz7PoH28aMlI3w6l9tvGSlMbjA==
  dependencies:
    "@vue/reactivity" "3.2.18"
    "@vue/shared" "3.2.18"

"@vue/runtime-dom@3.2.18":
  version "3.2.18"
  resolved "https://registry.yarnpkg.com/@vue/runtime-dom/-/runtime-dom-3.2.18.tgz#25d23af43c104ab6c49b65ef9bc5e29be5788c2d"
  integrity sha512-iP6AP0zANe0OfHWV7VDiR9eH2WGJuLHBHEsyIfOteZUuowM8VkIVgn+10HGnVEV+nfpaVAVPItQDc/TwmR73Rw==
  dependencies:
    "@vue/runtime-core" "3.2.18"
    "@vue/shared" "3.2.18"
    csstype "^2.6.8"

"@vue/server-renderer@3.2.18":
  version "3.2.18"
  resolved "https://registry.yarnpkg.com/@vue/server-renderer/-/server-renderer-3.2.18.tgz#66ff958eac719e7dee430c22685d100847491453"
  integrity sha512-UUndtVq2z3IN3PmK+siu1W6lFvP9lb2hyKFw2CxZug3A4jKrUuYadvtItIRxt2rNsLIoLydnxBa2pyUM6+8S4g==
  dependencies:
    "@vue/compiler-ssr" "3.2.18"
    "@vue/shared" "3.2.18"

"@vue/shared@3.2.18":
  version "3.2.18"
  resolved "https://registry.yarnpkg.com/@vue/shared/-/shared-3.2.18.tgz#f601356e14e455428e5db8281c966ba4c1bc3403"
  integrity sha512-vFa2annVlbI082ICC3BH239UFO66nn2Syxy9shI7N2haPrc4rFRyNuDjWKJRe3sX7py4yhYL7fopB5tWGwGVyA==

autoprefixer@^10.3.5:
  version "10.3.5"
  resolved "https://registry.yarnpkg.com/autoprefixer/-/autoprefixer-10.3.5.tgz#762e6c13e30c5a0e650bf81d9ffd5713f1c8f344"
  integrity sha512-2H5kQSsyoOMdIehTzIt/sC9ZDIgWqlkG/dbevm9B9xQZ1TDPBHpNUDW5ENqqQQzuaBWEo75JkV0LJe+o5Lnr5g==
  dependencies:
    browserslist "^4.17.1"
    caniuse-lite "^1.0.30001259"
    fraction.js "^4.1.1"
    nanocolors "^0.1.5"
    normalize-range "^0.1.2"
    postcss-value-parser "^4.1.0"

browserslist@^4.17.1:
  version "4.17.1"
  resolved "https://registry.yarnpkg.com/browserslist/-/browserslist-4.17.1.tgz#a98d104f54af441290b7d592626dd541fa642eb9"
  integrity sha512-aLD0ZMDSnF4lUt4ZDNgqi5BUn9BZ7YdQdI/cYlILrhdSSZJLU9aNZoD5/NBmM4SK34APB2e83MOsRt1EnkuyaQ==
  dependencies:
    caniuse-lite "^1.0.30001259"
    electron-to-chromium "^1.3.846"
    escalade "^3.1.1"
    nanocolors "^0.1.5"
    node-releases "^1.1.76"

caniuse-lite@^1.0.30001259:
  version "1.0.30001260"
  resolved "https://registry.yarnpkg.com/caniuse-lite/-/caniuse-lite-1.0.30001260.tgz#e3be3f34ddad735ca4a2736fa9e768ef34316270"
  integrity sha512-Fhjc/k8725ItmrvW5QomzxLeojewxvqiYCKeFcfFEhut28IVLdpHU19dneOmltZQIE5HNbawj1HYD+1f2bM1Dg==
  dependencies:
    nanocolors "^0.1.0"

csstype@^2.6.8:
  version "2.6.18"
  resolved "https://registry.yarnpkg.com/csstype/-/csstype-2.6.18.tgz#980a8b53085f34af313410af064f2bd241784218"
  integrity sha512-RSU6Hyeg14am3Ah4VZEmeX8H7kLwEEirXe6aU2IPfKNvhXwTflK5HQRDNI0ypQXoqmm+QPyG2IaPuQE5zMwSIQ==

electron-to-chromium@^1.3.846:
  version "1.3.850"
  resolved "https://registry.yarnpkg.com/electron-to-chromium/-/electron-to-chromium-1.3.850.tgz#c56c72abfeab051b4b328beb894461c5912d0456"
  integrity sha512-ZzkDcdzePeF4dhoGZQT77V2CyJOpwfTZEOg4h0x6R/jQhGt/rIRpbRyVreWLtD7B/WsVxo91URm2WxMKR9JQZA==

esbuild@^0.12.17:
  version "0.12.29"
  resolved "https://registry.yarnpkg.com/esbuild/-/esbuild-0.12.29.tgz#be602db7c4dc78944a9dbde0d1ea19d36c1f882d"
  integrity sha512-w/XuoBCSwepyiZtIRsKsetiLDUVGPVw1E/R3VTFSecIy8UR7Cq3SOtwKHJMFoVqqVG36aGkzh4e8BvpO1Fdc7g==

escalade@^3.1.1:
  version "3.1.1"
  resolved "https://registry.yarnpkg.com/escalade/-/escalade-3.1.1.tgz#d8cfdc7000965c5a0174b4a82eaa5c0552742e40"
  integrity sha512-k0er2gUkLf8O0zKJiAhmkTnJlTvINGv7ygDNPbeIsX/TJjGJZHuh9B2UxbsaEkmlEo9MfhrSzmhIlhRlI2GXnw==

estree-walker@^2.0.2:
  version "2.0.2"
  resolved "https://registry.yarnpkg.com/estree-walker/-/estree-walker-2.0.2.tgz#52f010178c2a4c117a7757cfe942adb7d2da4cac"
  integrity sha512-Rfkk/Mp/DL7JVje3u18FxFujQlTNR2q6QfMSMB7AvCBx91NGj/ba3kCfza0f6dVDbw7YlRf/nDrn7pQrCCyQ/w==

fraction.js@^4.1.1:
  version "4.1.1"
  resolved "https://registry.yarnpkg.com/fraction.js/-/fraction.js-4.1.1.tgz#ac4e520473dae67012d618aab91eda09bcb400ff"
  integrity sha512-MHOhvvxHTfRFpF1geTK9czMIZ6xclsEor2wkIGYYq+PxcQqT7vStJqjhe6S1TenZrMZzo+wlqOufBDVepUEgPg==

fsevents@~2.3.2:
  version "2.3.2"
  resolved "https://registry.yarnpkg.com/fsevents/-/fsevents-2.3.2.tgz#8a526f78b8fdf4623b709e0b975c52c24c02fd1a"
  integrity sha512-xiqMQR4xAeHTuB9uWm+fFRcIOgKBMiOBP+eXiyT7jsgVCq1bkVygt00oASowB7EdtpOHaaPgKt812P9ab+DDKA==

function-bind@^1.1.1:
  version "1.1.1"
  resolved "https://registry.yarnpkg.com/function-bind/-/function-bind-1.1.1.tgz#a56899d3ea3c9bab874bb9773b7c5ede92f4895d"
  integrity sha512-yIovAzMX49sF8Yl58fSCWJ5svSLuaibPxXQJFLmBObTuCr0Mf1KiPopGM9NiFjiYBCbfaa2Fh6breQ6ANVTI0A==

has@^1.0.3:
  version "1.0.3"
  resolved "https://registry.yarnpkg.com/has/-/has-1.0.3.tgz#722d7cbfc1f6aa8241f16dd814e011e1f41e8796"
  integrity sha512-f2dvO0VU6Oej7RkWJGrehjbzMAjFp5/VKPp5tTpWIV4JHHZK1/BxbFRtf/siA2SWTe09caDmVtYYzWEIbBS4zw==
  dependencies:
    function-bind "^1.1.1"

is-core-module@^2.2.0:
  version "2.6.0"
  resolved "https://registry.yarnpkg.com/is-core-module/-/is-core-module-2.6.0.tgz#d7553b2526fe59b92ba3e40c8df757ec8a709e19"
  integrity sha512-wShG8vs60jKfPWpF2KZRaAtvt3a20OAn7+IJ6hLPECpSABLcKtFKTTI4ZtH5QcBruBHlq+WsdHWyz0BCZW7svQ==
  dependencies:
    has "^1.0.3"

magic-string@^0.25.7:
  version "0.25.7"
  resolved "https://registry.yarnpkg.com/magic-string/-/magic-string-0.25.7.tgz#3f497d6fd34c669c6798dcb821f2ef31f5445051"
  integrity sha512-4CrMT5DOHTDk4HYDlzmwu4FVCcIYI8gauveasrdCu2IKIFOJ3f0v/8MDGJCDL9oD2ppz/Av1b0Nj345H9M+XIA==
  dependencies:
    sourcemap-codec "^1.4.4"

nanocolors@^0.1.0, nanocolors@^0.1.5:
  version "0.1.12"
  resolved "https://registry.yarnpkg.com/nanocolors/-/nanocolors-0.1.12.tgz#8577482c58cbd7b5bb1681db4cf48f11a87fd5f6"
  integrity sha512-2nMHqg1x5PU+unxX7PGY7AuYxl2qDx7PSrTRjizr8sxdd3l/3hBuWWaki62qmtYm2U5i4Z5E7GbjlyDFhs9/EQ==

nanoid@^3.1.25:
  version "3.1.25"
  resolved "https://registry.yarnpkg.com/nanoid/-/nanoid-3.1.25.tgz#09ca32747c0e543f0e1814b7d3793477f9c8e152"
  integrity sha512-rdwtIXaXCLFAQbnfqDRnI6jaRHp9fTcYBjtFKE8eezcZ7LuLjhUaQGNeMXf1HmRoCH32CLz6XwX0TtxEOS/A3Q==

node-releases@^1.1.76:
  version "1.1.76"
  resolved "https://registry.yarnpkg.com/node-releases/-/node-releases-1.1.76.tgz#df245b062b0cafbd5282ab6792f7dccc2d97f36e"
  integrity sha512-9/IECtNr8dXNmPWmFXepT0/7o5eolGesHUa3mtr0KlgnCvnZxwh2qensKL42JJY2vQKC3nIBXetFAqR+PW1CmA==

normalize-range@^0.1.2:
  version "0.1.2"
  resolved "https://registry.yarnpkg.com/normalize-range/-/normalize-range-0.1.2.tgz#2d10c06bdfd312ea9777695a4d28439456b75942"
  integrity sha1-LRDAa9/TEuqXd2laTShDlFa3WUI=

path-parse@^1.0.6:
  version "1.0.7"
  resolved "https://registry.yarnpkg.com/path-parse/-/path-parse-1.0.7.tgz#fbc114b60ca42b30d9daf5858e4bd68bbedb6735"
  integrity sha512-LDJzPVEEEPR+y48z93A0Ed0yXb8pAByGWo/k5YYdYgpY2/2EsOsksJrq7lOHxryrVOn1ejG6oAp8ahvOIQD8sw==

postcss-value-parser@^4.1.0:
  version "4.1.0"
  resolved "https://registry.yarnpkg.com/postcss-value-parser/-/postcss-value-parser-4.1.0.tgz#443f6a20ced6481a2bda4fa8532a6e55d789a2cb"
  integrity sha512-97DXOFbQJhk71ne5/Mt6cOu6yxsSfM0QGQyl0L25Gca4yGWEGJaig7l7gbCX623VqTBNGLRLaVUCnNkcedlRSQ==

postcss@^8.1.10, postcss@^8.3.6, postcss@^8.3.7:
  version "8.3.7"
  resolved "https://registry.yarnpkg.com/postcss/-/postcss-8.3.7.tgz#ec88563588c8da8e58e7226f7633b51ae221eeda"
  integrity sha512-9SaY7nnyQ63/WittqZYAvkkYPyKxchMKH71UDzeTmWuLSvxTRpeEeABZAzlCi55cuGcoFyoV/amX2BdsafQidQ==
  dependencies:
    nanocolors "^0.1.5"
    nanoid "^3.1.25"
    source-map-js "^0.6.2"

resolve@^1.20.0:
  version "1.20.0"
  resolved "https://registry.yarnpkg.com/resolve/-/resolve-1.20.0.tgz#629a013fb3f70755d6f0b7935cc1c2c5378b1975"
  integrity sha512-wENBPt4ySzg4ybFQW2TT1zMQucPK95HSh/nq2CFTZVOGut2+pQvSsgtda4d26YrYcr067wjbmzOG8byDPBX63A==
  dependencies:
    is-core-module "^2.2.0"
    path-parse "^1.0.6"

rollup@^2.38.5:
  version "2.57.0"
  resolved "https://registry.yarnpkg.com/rollup/-/rollup-2.57.0.tgz#c1694475eb22e1022477c0f4635fd0ac80713173"
  integrity sha512-bKQIh1rWKofRee6mv8SrF2HdP6pea5QkwBZSMImJysFj39gQuiV8MEPBjXOCpzk3wSYp63M2v2wkWBmFC8O/rg==
  optionalDependencies:
    fsevents "~2.3.2"

source-map-js@^0.6.2:
  version "0.6.2"
  resolved "https://registry.yarnpkg.com/source-map-js/-/source-map-js-0.6.2.tgz#0bb5de631b41cfbda6cfba8bd05a80efdfd2385e"
  integrity sha512-/3GptzWzu0+0MBQFrDKzw/DvvMTUORvgY6k6jd/VS6iCR4RDTKWH6v6WPwQoUO8667uQEf9Oe38DxAYWY5F/Ug==

source-map@^0.6.1:
  version "0.6.1"
  resolved "https://registry.yarnpkg.com/source-map/-/source-map-0.6.1.tgz#74722af32e9614e9c287a8d0bbde48b5e2f1a263"
  integrity sha512-UjgapumWlbMhkBgzT7Ykc5YXUT46F0iKu8SGXq0bcwP5dz/h0Plj6enJqjz1Zbq2l5WaqYnrVbwWOWMyF3F47g==

sourcemap-codec@^1.4.4:
  version "1.4.8"
  resolved "https://registry.yarnpkg.com/sourcemap-codec/-/sourcemap-codec-1.4.8.tgz#ea804bd94857402e6992d05a38ef1ae35a9ab4c4"
  integrity sha512-9NykojV5Uih4lgo5So5dtw+f0JgJX30KCNI8gwhz2J9A15wD0Ml6tjHKwf6fTSa6fAdVBdZeNOs9eJ71qCk8vA==

vite@^2.5.10:
  version "2.5.10"
  resolved "https://registry.yarnpkg.com/vite/-/vite-2.5.10.tgz#c598e3b5a7e1956ffc52eb3b3420d177fc2ed2a5"
  integrity sha512-0ObiHTi5AHyXdJcvZ67HMsDgVpjT5RehvVKv6+Q0jFZ7zDI28PF5zK9mYz2avxdA+4iJMdwCz6wnGNnn4WX5Gg==
  dependencies:
    esbuild "^0.12.17"
    postcss "^8.3.6"
    resolve "^1.20.0"
    rollup "^2.38.5"
  optionalDependencies:
    fsevents "~2.3.2"

vue@3:
  version "3.2.18"
  resolved "https://registry.yarnpkg.com/vue/-/vue-3.2.18.tgz#7791cbacb7e4193cf866eaac13ca61b912ce8eb6"
  integrity sha512-5HjXmnntBcFOdjqXzi4fxPENcl8MOrfUycr/iY+Th/NNNaZfa5BLPHk9Gc28fWCGbZT1U6XkkiEYysxY49lGuQ==
  dependencies:
    "@vue/compiler-dom" "3.2.18"
    "@vue/compiler-sfc" "3.2.18"
    "@vue/runtime-dom" "3.2.18"
    "@vue/server-renderer" "3.2.18"
    "@vue/shared" "3.2.18"
